
Microsoft Visual Studio Solution File, Format Version 12.00
Project("{FAE04EC0-301F-11D3-BF4B-00C04F79EFBC}") = "cs_lab_0.5", "cs_lab_0.5\cs_lab_0.5.csproj", "{2615840C-F4FE-4ADF-BD7A-A86149CE4E3C}"
EndProject
Global
	GlobalSection(SolutionConfigurationPlatforms) = preSolution
		Debug|Any CPU = Debug|Any CPU
		Release|Any CPU = Release|Any CPU
	EndGlobalSection
	GlobalSection(ProjectConfigurationPlatforms) = postSolution
		{2615840C-F4FE-4ADF-BD7A-A86149CE4E3C}.Debug|Any CPU.ActiveCfg = Debug|Any CPU
		{2615840C-F4FE-4ADF-BD7A-A86149CE4E3C}.Debug|Any CPU.Build.0 = Debug|Any CPU
		{2615840C-F4FE-4ADF-BD7A-A86149CE4E3C}.Release|Any CPU.ActiveCfg = Release|Any CPU
		{2615840C-F4FE-4ADF-BD7A-A86149CE4E3C}.Release|Any CPU.Build.0 = Release|Any CPU
	EndGlobalSection
EndGlobal
