
Microsoft Visual Studio Solution File, Format Version 12.00
Project("{FAE04EC0-301F-11D3-BF4B-00C04F79EFBC}") = "Lab0.5", "Lab0.5\Lab0.5.csproj", "{2615840C-F4FE-4ADF-BD7A-A86149CE4E3C}"
EndProject
Project("{FAE04EC0-301F-11D3-BF4B-00C04F79EFBC}") = "Lab1", "Lab1\Lab1.csproj", "{DCD69254-9D85-45DC-B320-4A6104FE5497}"
EndProject
Project("{FAE04EC0-301F-11D3-BF4B-00C04F79EFBC}") = "Lab2", "Lab2\Lab2.csproj", "{01F06061-F471-4FEC-B52E-D2D93BDEABD6}"
EndProject
Project("{FAE04EC0-301F-11D3-BF4B-00C04F79EFBC}") = "Lab3", "Lab3\Lab3.csproj", "{3EC28D3D-F927-43B3-B339-7B001CF5CACF}"
EndProject
Global
	GlobalSection(SolutionConfigurationPlatforms) = preSolution
		Debug|Any CPU = Debug|Any CPU
		Release|Any CPU = Release|Any CPU
	EndGlobalSection
	GlobalSection(ProjectConfigurationPlatforms) = postSolution
		{2615840C-F4FE-4ADF-BD7A-A86149CE4E3C}.Debug|Any CPU.ActiveCfg = Debug|Any CPU
		{2615840C-F4FE-4ADF-BD7A-A86149CE4E3C}.Debug|Any CPU.Build.0 = Debug|Any CPU
		{2615840C-F4FE-4ADF-BD7A-A86149CE4E3C}.Release|Any CPU.ActiveCfg = Release|Any CPU
		{2615840C-F4FE-4ADF-BD7A-A86149CE4E3C}.Release|Any CPU.Build.0 = Release|Any CPU
		{DCD69254-9D85-45DC-B320-4A6104FE5497}.Debug|Any CPU.ActiveCfg = Debug|Any CPU
		{DCD69254-9D85-45DC-B320-4A6104FE5497}.Debug|Any CPU.Build.0 = Debug|Any CPU
		{DCD69254-9D85-45DC-B320-4A6104FE5497}.Release|Any CPU.ActiveCfg = Release|Any CPU
		{DCD69254-9D85-45DC-B320-4A6104FE5497}.Release|Any CPU.Build.0 = Release|Any CPU
		{01F06061-F471-4FEC-B52E-D2D93BDEABD6}.Debug|Any CPU.ActiveCfg = Debug|Any CPU
		{01F06061-F471-4FEC-B52E-D2D93BDEABD6}.Debug|Any CPU.Build.0 = Debug|Any CPU
		{01F06061-F471-4FEC-B52E-D2D93BDEABD6}.Release|Any CPU.ActiveCfg = Release|Any CPU
		{01F06061-F471-4FEC-B52E-D2D93BDEABD6}.Release|Any CPU.Build.0 = Release|Any CPU
		{3EC28D3D-F927-43B3-B339-7B001CF5CACF}.Debug|Any CPU.ActiveCfg = Debug|Any CPU
		{3EC28D3D-F927-43B3-B339-7B001CF5CACF}.Debug|Any CPU.Build.0 = Debug|Any CPU
		{3EC28D3D-F927-43B3-B339-7B001CF5CACF}.Release|Any CPU.ActiveCfg = Release|Any CPU
		{3EC28D3D-F927-43B3-B339-7B001CF5CACF}.Release|Any CPU.Build.0 = Release|Any CPU
	EndGlobalSection
EndGlobal
